<?xml version="1.0" encoding="utf-8"?>
<Project ToolsVersion="4.0" xmlns="http://schemas.microsoft.com/developer/msbuild/2003">
  <ItemGroup>
    <Filter Include="ソース ファイル">
      <UniqueIdentifier>{4FC737F1-C7A5-4376-A066-2A32D752A2FF}</UniqueIdentifier>
      <Extensions>cpp;c;cc;cxx;def;odl;idl;hpj;bat;asm;asmx</Extensions>
    </Filter>
    <Filter Include="ヘッダー ファイル">
      <UniqueIdentifier>{93995380-89BD-4b04-88EB-625FBE52EBFB}</UniqueIdentifier>
      <Extensions>h;hh;hpp;hxx;hm;inl;inc;xsd</Extensions>
    </Filter>
    <Filter Include="リソース ファイル">
      <UniqueIdentifier>{67DA6AB6-F800-4c08-8B7A-83BB121AAD01}</UniqueIdentifier>
      <Extensions>rc;ico;cur;bmp;dlg;rc2;rct;bin;rgs;gif;jpg;jpeg;jpe;resx;tiff;tif;png;wav;mfcribbon-ms</Extensions>
    </Filter>
    <Filter Include="ソース ファイル\Animation">
      <UniqueIdentifier>{5e5651e7-efa3-4022-af0b-6890ba6f0e15}</UniqueIdentifier>
    </Filter>
    <Filter Include="ソース ファイル\Input">
      <UniqueIdentifier>{955e822f-5d75-4ab2-9f52-4e44487d46ea}</UniqueIdentifier>
    </Filter>
    <Filter Include="ソース ファイル\Mode">
      <UniqueIdentifier>{1bfaa560-1146-4b30-8f40-147b6095f048}</UniqueIdentifier>
    </Filter>
    <Filter Include="ソース ファイル\System">
      <UniqueIdentifier>{1f37bd81-adad-4f08-a153-1e3939f0fbdd}</UniqueIdentifier>
    </Filter>
    <Filter Include="ソース ファイル\GameParts">
      <UniqueIdentifier>{87af2f13-739a-4d45-83b4-5ac1704bd88c}</UniqueIdentifier>
    </Filter>
    <Filter Include="ソース ファイル\UI">
      <UniqueIdentifier>{f4cc64fb-10b0-4afe-996f-d75a9c5e70c4}</UniqueIdentifier>
    </Filter>
    <Filter Include="ヘッダー ファイル\Animation">
      <UniqueIdentifier>{d6042112-016c-43cb-960e-9834cdb9e8a8}</UniqueIdentifier>
    </Filter>
    <Filter Include="ヘッダー ファイル\Input">
      <UniqueIdentifier>{022fad69-f147-413d-8ef4-ddcd114bc3c4}</UniqueIdentifier>
    </Filter>
    <Filter Include="ヘッダー ファイル\Mode">
      <UniqueIdentifier>{e7bf6a38-8637-4a99-be66-14cac74a9493}</UniqueIdentifier>
    </Filter>
    <Filter Include="ヘッダー ファイル\GameParts">
      <UniqueIdentifier>{e47ed562-f7a6-47d3-b33e-467a11d45c74}</UniqueIdentifier>
    </Filter>
    <Filter Include="ヘッダー ファイル\UI">
      <UniqueIdentifier>{821ddced-0525-43b8-83f6-bfa479ec4a4a}</UniqueIdentifier>
    </Filter>
    <Filter Include="ヘッダー ファイル\System">
      <UniqueIdentifier>{b68894bb-7ee3-432e-aa0a-2c30cba6dbad}</UniqueIdentifier>
    </Filter>
  </ItemGroup>
  <ItemGroup>
    <ClCompile Include="boss_parts.cpp">
      <Filter>ソース ファイル\GameParts</Filter>
    </ClCompile>
    <ClCompile Include="effect.cpp">
      <Filter>ソース ファイル\Animation</Filter>
    </ClCompile>
    <ClCompile Include="explosion.cpp">
      <Filter>ソース ファイル\Animation</Filter>
    </ClCompile>
    <ClCompile Include="game.cpp">
      <Filter>ソース ファイル\Mode</Filter>
    </ClCompile>
    <ClCompile Include="Input_Keyboard.cpp">
      <Filter>ソース ファイル\Input</Filter>
    </ClCompile>
    <ClCompile Include="input.cpp">
      <Filter>ソース ファイル\Input</Filter>
    </ClCompile>
    <ClCompile Include="life.cpp">
      <Filter>ソース ファイル\GameParts</Filter>
    </ClCompile>
    <ClCompile Include="bullet.cpp">
      <Filter>ソース ファイル\GameParts</Filter>
    </ClCompile>
    <ClCompile Include="enemy.cpp">
      <Filter>ソース ファイル\GameParts</Filter>
    </ClCompile>
    <ClCompile Include="fade.cpp">
      <Filter>ソース ファイル\System</Filter>
    </ClCompile>
    <ClCompile Include="bg.cpp">
      <Filter>ソース ファイル\Animation</Filter>
    </ClCompile>
    <ClCompile Include="main.cpp">
      <Filter>ソース ファイル\System</Filter>
    </ClCompile>
    <ClCompile Include="manager.cpp">
      <Filter>ソース ファイル\System</Filter>
    </ClCompile>
    <ClCompile Include="number.cpp">
      <Filter>ソース ファイル\UI</Filter>
    </ClCompile>
    <ClCompile Include="pause.cpp">
      <Filter>ソース ファイル\UI</Filter>
    </ClCompile>
    <ClCompile Include="player.cpp">
      <Filter>ソース ファイル\GameParts</Filter>
    </ClCompile>
    <ClCompile Include="polygon.cpp">
      <Filter>ソース ファイル\UI</Filter>
    </ClCompile>
    <ClCompile Include="renderer.cpp">
      <Filter>ソース ファイル\System</Filter>
    </ClCompile>
    <ClCompile Include="result.cpp">
      <Filter>ソース ファイル\Mode</Filter>
    </ClCompile>
    <ClCompile Include="scene.cpp">
      <Filter>ソース ファイル\System</Filter>
    </ClCompile>
    <ClCompile Include="scene2D.cpp">
      <Filter>ソース ファイル\System</Filter>
    </ClCompile>
    <ClCompile Include="score.cpp">
      <Filter>ソース ファイル\UI</Filter>
    </ClCompile>
    <ClCompile Include="sound.cpp">
      <Filter>ソース ファイル\System</Filter>
    </ClCompile>
    <ClCompile Include="title.cpp">
      <Filter>ソース ファイル\Mode</Filter>
    </ClCompile>
    <ClCompile Include="animation.cpp">
      <Filter>ソース ファイル\Animation</Filter>
    </ClCompile>
    <ClCompile Include="logo.cpp">
      <Filter>ソース ファイル\Animation</Filter>
    </ClCompile>
    <ClCompile Include="tutorial.cpp">
      <Filter>ソース ファイル\Mode</Filter>
    </ClCompile>
  </ItemGroup>
  <ItemGroup>
    <ClInclude Include="bg.h">
      <Filter>ヘッダー ファイル\Animation</Filter>
    </ClInclude>
    <ClInclude Include="boss_parts.h">
      <Filter>ヘッダー ファイル\GameParts</Filter>
    </ClInclude>
    <ClInclude Include="bullet.h">
      <Filter>ヘッダー ファイル\GameParts</Filter>
    </ClInclude>
    <ClInclude Include="effect.h">
      <Filter>ヘッダー ファイル\Animation</Filter>
    </ClInclude>
    <ClInclude Include="enemy.h">
      <Filter>ヘッダー ファイル\GameParts</Filter>
    </ClInclude>
    <ClInclude Include="explosion.h">
      <Filter>ヘッダー ファイル\Animation</Filter>
    </ClInclude>
    <ClInclude Include="fade.h">
      <Filter>ヘッダー ファイル\System</Filter>
    </ClInclude>
    <ClInclude Include="game.h">
      <Filter>ヘッダー ファイル\Mode</Filter>
    </ClInclude>
    <ClInclude Include="input.h">
      <Filter>ヘッダー ファイル\Input</Filter>
    </ClInclude>
    <ClInclude Include="Input_Keyboard.h">
      <Filter>ヘッダー ファイル\Input</Filter>
    </ClInclude>
    <ClInclude Include="life.h">
      <Filter>ヘッダー ファイル\GameParts</Filter>
    </ClInclude>
    <ClInclude Include="main.h">
      <Filter>ヘッダー ファイル\System</Filter>
    </ClInclude>
    <ClInclude Include="manager.h">
      <Filter>ヘッダー ファイル\System</Filter>
    </ClInclude>
    <ClInclude Include="number.h">
      <Filter>ヘッダー ファイル\UI</Filter>
    </ClInclude>
    <ClInclude Include="pause.h">
      <Filter>ヘッダー ファイル\UI</Filter>
    </ClInclude>
    <ClInclude Include="player.h">
      <Filter>ヘッダー ファイル\GameParts</Filter>
    </ClInclude>
    <ClInclude Include="polygon.h">
      <Filter>ヘッダー ファイル\UI</Filter>
    </ClInclude>
    <ClInclude Include="renderer.h">
      <Filter>ヘッダー ファイル\System</Filter>
    </ClInclude>
    <ClInclude Include="result.h">
      <Filter>ヘッダー ファイル\Mode</Filter>
    </ClInclude>
    <ClInclude Include="scene.h">
      <Filter>ヘッダー ファイル\System</Filter>
    </ClInclude>
    <ClInclude Include="scene2D.h">
      <Filter>ヘッダー ファイル\System</Filter>
    </ClInclude>
    <ClInclude Include="score.h">
      <Filter>ヘッダー ファイル\UI</Filter>
    </ClInclude>
    <ClInclude Include="sound.h">
      <Filter>ヘッダー ファイル\System</Filter>
    </ClInclude>
    <ClInclude Include="title.h">
      <Filter>ヘッダー ファイル\Mode</Filter>
    </ClInclude>
    <ClInclude Include="animation.h">
      <Filter>ヘッダー ファイル\Animation</Filter>
    </ClInclude>
    <ClInclude Include="logo.h">
      <Filter>ヘッダー ファイル\Animation</Filter>
    </ClInclude>
    <ClInclude Include="tutorial.h">
      <Filter>ヘッダー ファイル\Mode</Filter>
    </ClInclude>
  </ItemGroup>
</Project>